
Microsoft Visual Studio Solution File, Format Version 12.00
# Visual Studio Version 17
VisualStudioVersion = 17.13.35825.156 d17.13
MinimumVisualStudioVersion = 10.0.40219.1
Project("{FAE04EC0-301F-11D3-BF4B-00C04F79EFBC}") = "TrumpfMetamation_Task_AlarmDesktopApp", "TrumpfMetamation_Task_AlarmDesktopApp\TrumpfMetamation_Task_AlarmDesktopApp.csproj", "{BBB2AF3B-8FFD-452D-B39A-1386AD71ED14}"
EndProject
Global
	GlobalSection(SolutionConfigurationPlatforms) = preSolution
		Debug|Any CPU = Debug|Any CPU
		Release|Any CPU = Release|Any CPU
	EndGlobalSection
	GlobalSection(ProjectConfigurationPlatforms) = postSolution
		{BBB2AF3B-8FFD-452D-B39A-1386AD71ED14}.Debug|Any CPU.ActiveCfg = Debug|Any CPU
		{BBB2AF3B-8FFD-452D-B39A-1386AD71ED14}.Debug|Any CPU.Build.0 = Debug|Any CPU
		{BBB2AF3B-8FFD-452D-B39A-1386AD71ED14}.Release|Any CPU.ActiveCfg = Release|Any CPU
		{BBB2AF3B-8FFD-452D-B39A-1386AD71ED14}.Release|Any CPU.Build.0 = Release|Any CPU
	EndGlobalSection
	GlobalSection(SolutionProperties) = preSolution
		HideSolutionNode = FALSE
	EndGlobalSection
	GlobalSection(ExtensibilityGlobals) = postSolution
		SolutionGuid = {B91B6401-EBD1-4CED-A748-CC6C4790B512}
	EndGlobalSection
EndGlobal
